
Microsoft Visual Studio Solution File, Format Version 11.00
# Visual Studio 2010
Project("{FAE04EC0-301F-11D3-BF4B-00C04F79EFBC}") = "Rotate.Console", "Rotate.Console\Rotate.Console.csproj", "{7B399881-1112-4376-9D08-DA327DBEC617}"
EndProject
Project("{FAE04EC0-301F-11D3-BF4B-00C04F79EFBC}") = "RDI.Web", "RDI.Web\RDI.Web.csproj", "{48FB0512-C67D-44AF-8928-A94C7406EF2D}"
EndProject
Project("{FAE04EC0-301F-11D3-BF4B-00C04F79EFBC}") = "RDI.Api", "RDI.Api\RDI.Api.csproj", "{185452B9-015F-4283-906A-DB80D47954BD}"
EndProject
Project("{FAE04EC0-301F-11D3-BF4B-00C04F79EFBC}") = "RDI.MVC", "RDI.MVC\RDI.MVC.csproj", "{806D7F73-AB31-4478-A096-28835F0D45CA}"
EndProject
Project("{FAE04EC0-301F-11D3-BF4B-00C04F79EFBC}") = "RDI.Web.OWIN", "RDI.Web.OWIN\RDI.Web.OWIN.csproj", "{CCA84046-C68E-4940-A56C-E01BAAAD80A2}"
EndProject
Project("{2150E333-8FDC-42A3-9474-1A3956D46DE8}") = ".nuget", ".nuget", "{C732D1C1-177F-4E54-9306-9E17010631EF}"
	ProjectSection(SolutionItems) = preProject
		.nuget\NuGet.Config = .nuget\NuGet.Config
		.nuget\NuGet.exe = .nuget\NuGet.exe
		.nuget\NuGet.targets = .nuget\NuGet.targets
	EndProjectSection
EndProject
Project("{FAE04EC0-301F-11D3-BF4B-00C04F79EFBC}") = "RDI.Web.Nancy", "RDI.Web.Nancy\RDI.Web.Nancy.csproj", "{30352C9E-EDF1-4991-B605-872B1ECAFF28}"
EndProject
Global
	GlobalSection(SolutionConfigurationPlatforms) = preSolution
		Debug|Any CPU = Debug|Any CPU
		Debug|Mixed Platforms = Debug|Mixed Platforms
		Debug|x86 = Debug|x86
		Release|Any CPU = Release|Any CPU
		Release|Mixed Platforms = Release|Mixed Platforms
		Release|x86 = Release|x86
	EndGlobalSection
	GlobalSection(ProjectConfigurationPlatforms) = postSolution
		{7B399881-1112-4376-9D08-DA327DBEC617}.Debug|Any CPU.ActiveCfg = Debug|x86
		{7B399881-1112-4376-9D08-DA327DBEC617}.Debug|Mixed Platforms.ActiveCfg = Debug|x86
		{7B399881-1112-4376-9D08-DA327DBEC617}.Debug|Mixed Platforms.Build.0 = Debug|x86
		{7B399881-1112-4376-9D08-DA327DBEC617}.Debug|x86.ActiveCfg = Debug|x86
		{7B399881-1112-4376-9D08-DA327DBEC617}.Debug|x86.Build.0 = Debug|x86
		{7B399881-1112-4376-9D08-DA327DBEC617}.Release|Any CPU.ActiveCfg = Release|x86
		{7B399881-1112-4376-9D08-DA327DBEC617}.Release|Mixed Platforms.ActiveCfg = Release|x86
		{7B399881-1112-4376-9D08-DA327DBEC617}.Release|Mixed Platforms.Build.0 = Release|x86
		{7B399881-1112-4376-9D08-DA327DBEC617}.Release|x86.ActiveCfg = Release|x86
		{7B399881-1112-4376-9D08-DA327DBEC617}.Release|x86.Build.0 = Release|x86
		{48FB0512-C67D-44AF-8928-A94C7406EF2D}.Debug|Any CPU.ActiveCfg = Debug|Any CPU
		{48FB0512-C67D-44AF-8928-A94C7406EF2D}.Debug|Any CPU.Build.0 = Debug|Any CPU
		{48FB0512-C67D-44AF-8928-A94C7406EF2D}.Debug|Mixed Platforms.ActiveCfg = Debug|Any CPU
		{48FB0512-C67D-44AF-8928-A94C7406EF2D}.Debug|Mixed Platforms.Build.0 = Debug|Any CPU
		{48FB0512-C67D-44AF-8928-A94C7406EF2D}.Debug|x86.ActiveCfg = Debug|Any CPU
		{48FB0512-C67D-44AF-8928-A94C7406EF2D}.Release|Any CPU.ActiveCfg = Release|Any CPU
		{48FB0512-C67D-44AF-8928-A94C7406EF2D}.Release|Any CPU.Build.0 = Release|Any CPU
		{48FB0512-C67D-44AF-8928-A94C7406EF2D}.Release|Mixed Platforms.ActiveCfg = Release|Any CPU
		{48FB0512-C67D-44AF-8928-A94C7406EF2D}.Release|Mixed Platforms.Build.0 = Release|Any CPU
		{48FB0512-C67D-44AF-8928-A94C7406EF2D}.Release|x86.ActiveCfg = Release|Any CPU
		{185452B9-015F-4283-906A-DB80D47954BD}.Debug|Any CPU.ActiveCfg = Debug|Any CPU
		{185452B9-015F-4283-906A-DB80D47954BD}.Debug|Any CPU.Build.0 = Debug|Any CPU
		{185452B9-015F-4283-906A-DB80D47954BD}.Debug|Mixed Platforms.ActiveCfg = Debug|Any CPU
		{185452B9-015F-4283-906A-DB80D47954BD}.Debug|Mixed Platforms.Build.0 = Debug|Any CPU
		{185452B9-015F-4283-906A-DB80D47954BD}.Debug|x86.ActiveCfg = Debug|Any CPU
		{185452B9-015F-4283-906A-DB80D47954BD}.Release|Any CPU.ActiveCfg = Release|Any CPU
		{185452B9-015F-4283-906A-DB80D47954BD}.Release|Any CPU.Build.0 = Release|Any CPU
		{185452B9-015F-4283-906A-DB80D47954BD}.Release|Mixed Platforms.ActiveCfg = Release|Any CPU
		{185452B9-015F-4283-906A-DB80D47954BD}.Release|Mixed Platforms.Build.0 = Release|Any CPU
		{185452B9-015F-4283-906A-DB80D47954BD}.Release|x86.ActiveCfg = Release|Any CPU
		{806D7F73-AB31-4478-A096-28835F0D45CA}.Debug|Any CPU.ActiveCfg = Debug|Any CPU
		{806D7F73-AB31-4478-A096-28835F0D45CA}.Debug|Any CPU.Build.0 = Debug|Any CPU
		{806D7F73-AB31-4478-A096-28835F0D45CA}.Debug|Mixed Platforms.ActiveCfg = Debug|Any CPU
		{806D7F73-AB31-4478-A096-28835F0D45CA}.Debug|Mixed Platforms.Build.0 = Debug|Any CPU
		{806D7F73-AB31-4478-A096-28835F0D45CA}.Debug|x86.ActiveCfg = Debug|Any CPU
		{806D7F73-AB31-4478-A096-28835F0D45CA}.Release|Any CPU.ActiveCfg = Release|Any CPU
		{806D7F73-AB31-4478-A096-28835F0D45CA}.Release|Any CPU.Build.0 = Release|Any CPU
		{806D7F73-AB31-4478-A096-28835F0D45CA}.Release|Mixed Platforms.ActiveCfg = Release|Any CPU
		{806D7F73-AB31-4478-A096-28835F0D45CA}.Release|Mixed Platforms.Build.0 = Release|Any CPU
		{806D7F73-AB31-4478-A096-28835F0D45CA}.Release|x86.ActiveCfg = Release|Any CPU
		{CCA84046-C68E-4940-A56C-E01BAAAD80A2}.Debug|Any CPU.ActiveCfg = Debug|Any CPU
		{CCA84046-C68E-4940-A56C-E01BAAAD80A2}.Debug|Any CPU.Build.0 = Debug|Any CPU
		{CCA84046-C68E-4940-A56C-E01BAAAD80A2}.Debug|Mixed Platforms.ActiveCfg = Debug|Any CPU
		{CCA84046-C68E-4940-A56C-E01BAAAD80A2}.Debug|Mixed Platforms.Build.0 = Debug|Any CPU
		{CCA84046-C68E-4940-A56C-E01BAAAD80A2}.Debug|x86.ActiveCfg = Debug|Any CPU
		{CCA84046-C68E-4940-A56C-E01BAAAD80A2}.Release|Any CPU.ActiveCfg = Release|Any CPU
		{CCA84046-C68E-4940-A56C-E01BAAAD80A2}.Release|Any CPU.Build.0 = Release|Any CPU
		{CCA84046-C68E-4940-A56C-E01BAAAD80A2}.Release|Mixed Platforms.ActiveCfg = Release|Any CPU
		{CCA84046-C68E-4940-A56C-E01BAAAD80A2}.Release|Mixed Platforms.Build.0 = Release|Any CPU
		{CCA84046-C68E-4940-A56C-E01BAAAD80A2}.Release|x86.ActiveCfg = Release|Any CPU
		{30352C9E-EDF1-4991-B605-872B1ECAFF28}.Debug|Any CPU.ActiveCfg = Debug|Any CPU
		{30352C9E-EDF1-4991-B605-872B1ECAFF28}.Debug|Any CPU.Build.0 = Debug|Any CPU
		{30352C9E-EDF1-4991-B605-872B1ECAFF28}.Debug|Mixed Platforms.ActiveCfg = Debug|Any CPU
		{30352C9E-EDF1-4991-B605-872B1ECAFF28}.Debug|Mixed Platforms.Build.0 = Debug|Any CPU
		{30352C9E-EDF1-4991-B605-872B1ECAFF28}.Debug|x86.ActiveCfg = Debug|Any CPU
		{30352C9E-EDF1-4991-B605-872B1ECAFF28}.Release|Any CPU.ActiveCfg = Release|Any CPU
		{30352C9E-EDF1-4991-B605-872B1ECAFF28}.Release|Any CPU.Build.0 = Release|Any CPU
		{30352C9E-EDF1-4991-B605-872B1ECAFF28}.Release|Mixed Platforms.ActiveCfg = Release|Any CPU
		{30352C9E-EDF1-4991-B605-872B1ECAFF28}.Release|Mixed Platforms.Build.0 = Release|Any CPU
		{30352C9E-EDF1-4991-B605-872B1ECAFF28}.Release|x86.ActiveCfg = Release|Any CPU
	EndGlobalSection
	GlobalSection(SolutionProperties) = preSolution
		HideSolutionNode = FALSE
	EndGlobalSection
	GlobalSection(ExtensibilityGlobals) = postSolution
		EnterpriseLibraryConfigurationToolBinariesPath = packages\Unity.2.1.505.2\lib\NET35
	EndGlobalSection
EndGlobal
